
Microsoft Visual Studio Solution File, Format Version 12.00
# Visual Studio Version 16
VisualStudioVersion = 16.0.31729.503
MinimumVisualStudioVersion = 15.0.26124.0
Project("{9A19103F-16F7-4668-BE54-9A1E7A4F7556}") = "MassTransitTutorial.Api", "src\Api\MassTransitTutorial.Api.csproj", "{F1D1827C-7F4F-429E-96FF-D98D78F990D3}"
EndProject
Project("{9A19103F-16F7-4668-BE54-9A1E7A4F7556}") = "MassTransitTutorial.Application", "src\Application\MassTransitTutorial.Application.csproj", "{A223DBBD-4580-40F2-962F-B738D3166EFF}"
EndProject
Project("{9A19103F-16F7-4668-BE54-9A1E7A4F7556}") = "MassTransitTutorial.Domain", "src\Domain\MassTransitTutorial.Domain.csproj", "{2C41E645-5E54-4362-A42F-1B46E122FAF5}"
EndProject
Project("{9A19103F-16F7-4668-BE54-9A1E7A4F7556}") = "MassTransitTutorial.Persistence", "src\Infrastructure\Persistence\MassTransitTutorial.Persistence.csproj", "{6D953C62-F92D-415C-9EC6-567E048ECD3B}"
EndProject
Project("{2150E333-8FDC-42A3-9474-1A3956D46DE8}") = "Infrastructure", "Infrastructure", "{77B670AE-594D-4DA4-891D-59EE67F04DB3}"
EndProject
Project("{9A19103F-16F7-4668-BE54-9A1E7A4F7556}") = "MassTransitTutorial.Mappings", "src\Infrastructure\Mappings\MassTransitTutorial.Mappings.csproj", "{689C5490-F4A6-4C61-97A8-2D9977275B1C}"
EndProject
Global
	GlobalSection(SolutionConfigurationPlatforms) = preSolution
		Debug|Any CPU = Debug|Any CPU
		Debug|x64 = Debug|x64
		Debug|x86 = Debug|x86
		Release|Any CPU = Release|Any CPU
		Release|x64 = Release|x64
		Release|x86 = Release|x86
	EndGlobalSection
	GlobalSection(ProjectConfigurationPlatforms) = postSolution
		{F1D1827C-7F4F-429E-96FF-D98D78F990D3}.Debug|Any CPU.ActiveCfg = Debug|Any CPU
		{F1D1827C-7F4F-429E-96FF-D98D78F990D3}.Debug|Any CPU.Build.0 = Debug|Any CPU
		{F1D1827C-7F4F-429E-96FF-D98D78F990D3}.Debug|x64.ActiveCfg = Debug|Any CPU
		{F1D1827C-7F4F-429E-96FF-D98D78F990D3}.Debug|x64.Build.0 = Debug|Any CPU
		{F1D1827C-7F4F-429E-96FF-D98D78F990D3}.Debug|x86.ActiveCfg = Debug|Any CPU
		{F1D1827C-7F4F-429E-96FF-D98D78F990D3}.Debug|x86.Build.0 = Debug|Any CPU
		{F1D1827C-7F4F-429E-96FF-D98D78F990D3}.Release|Any CPU.ActiveCfg = Release|Any CPU
		{F1D1827C-7F4F-429E-96FF-D98D78F990D3}.Release|Any CPU.Build.0 = Release|Any CPU
		{F1D1827C-7F4F-429E-96FF-D98D78F990D3}.Release|x64.ActiveCfg = Release|Any CPU
		{F1D1827C-7F4F-429E-96FF-D98D78F990D3}.Release|x64.Build.0 = Release|Any CPU
		{F1D1827C-7F4F-429E-96FF-D98D78F990D3}.Release|x86.ActiveCfg = Release|Any CPU
		{F1D1827C-7F4F-429E-96FF-D98D78F990D3}.Release|x86.Build.0 = Release|Any CPU
		{A223DBBD-4580-40F2-962F-B738D3166EFF}.Debug|Any CPU.ActiveCfg = Debug|Any CPU
		{A223DBBD-4580-40F2-962F-B738D3166EFF}.Debug|Any CPU.Build.0 = Debug|Any CPU
		{A223DBBD-4580-40F2-962F-B738D3166EFF}.Debug|x64.ActiveCfg = Debug|Any CPU
		{A223DBBD-4580-40F2-962F-B738D3166EFF}.Debug|x64.Build.0 = Debug|Any CPU
		{A223DBBD-4580-40F2-962F-B738D3166EFF}.Debug|x86.ActiveCfg = Debug|Any CPU
		{A223DBBD-4580-40F2-962F-B738D3166EFF}.Debug|x86.Build.0 = Debug|Any CPU
		{A223DBBD-4580-40F2-962F-B738D3166EFF}.Release|Any CPU.ActiveCfg = Release|Any CPU
		{A223DBBD-4580-40F2-962F-B738D3166EFF}.Release|Any CPU.Build.0 = Release|Any CPU
		{A223DBBD-4580-40F2-962F-B738D3166EFF}.Release|x64.ActiveCfg = Release|Any CPU
		{A223DBBD-4580-40F2-962F-B738D3166EFF}.Release|x64.Build.0 = Release|Any CPU
		{A223DBBD-4580-40F2-962F-B738D3166EFF}.Release|x86.ActiveCfg = Release|Any CPU
		{A223DBBD-4580-40F2-962F-B738D3166EFF}.Release|x86.Build.0 = Release|Any CPU
		{2C41E645-5E54-4362-A42F-1B46E122FAF5}.Debug|Any CPU.ActiveCfg = Debug|Any CPU
		{2C41E645-5E54-4362-A42F-1B46E122FAF5}.Debug|Any CPU.Build.0 = Debug|Any CPU
		{2C41E645-5E54-4362-A42F-1B46E122FAF5}.Debug|x64.ActiveCfg = Debug|Any CPU
		{2C41E645-5E54-4362-A42F-1B46E122FAF5}.Debug|x64.Build.0 = Debug|Any CPU
		{2C41E645-5E54-4362-A42F-1B46E122FAF5}.Debug|x86.ActiveCfg = Debug|Any CPU
		{2C41E645-5E54-4362-A42F-1B46E122FAF5}.Debug|x86.Build.0 = Debug|Any CPU
		{2C41E645-5E54-4362-A42F-1B46E122FAF5}.Release|Any CPU.ActiveCfg = Release|Any CPU
		{2C41E645-5E54-4362-A42F-1B46E122FAF5}.Release|Any CPU.Build.0 = Release|Any CPU
		{2C41E645-5E54-4362-A42F-1B46E122FAF5}.Release|x64.ActiveCfg = Release|Any CPU
		{2C41E645-5E54-4362-A42F-1B46E122FAF5}.Release|x64.Build.0 = Release|Any CPU
		{2C41E645-5E54-4362-A42F-1B46E122FAF5}.Release|x86.ActiveCfg = Release|Any CPU
		{2C41E645-5E54-4362-A42F-1B46E122FAF5}.Release|x86.Build.0 = Release|Any CPU
		{6D953C62-F92D-415C-9EC6-567E048ECD3B}.Debug|Any CPU.ActiveCfg = Debug|Any CPU
		{6D953C62-F92D-415C-9EC6-567E048ECD3B}.Debug|Any CPU.Build.0 = Debug|Any CPU
		{6D953C62-F92D-415C-9EC6-567E048ECD3B}.Debug|x64.ActiveCfg = Debug|Any CPU
		{6D953C62-F92D-415C-9EC6-567E048ECD3B}.Debug|x64.Build.0 = Debug|Any CPU
		{6D953C62-F92D-415C-9EC6-567E048ECD3B}.Debug|x86.ActiveCfg = Debug|Any CPU
		{6D953C62-F92D-415C-9EC6-567E048ECD3B}.Debug|x86.Build.0 = Debug|Any CPU
		{6D953C62-F92D-415C-9EC6-567E048ECD3B}.Release|Any CPU.ActiveCfg = Release|Any CPU
		{6D953C62-F92D-415C-9EC6-567E048ECD3B}.Release|Any CPU.Build.0 = Release|Any CPU
		{6D953C62-F92D-415C-9EC6-567E048ECD3B}.Release|x64.ActiveCfg = Release|Any CPU
		{6D953C62-F92D-415C-9EC6-567E048ECD3B}.Release|x64.Build.0 = Release|Any CPU
		{6D953C62-F92D-415C-9EC6-567E048ECD3B}.Release|x86.ActiveCfg = Release|Any CPU
		{6D953C62-F92D-415C-9EC6-567E048ECD3B}.Release|x86.Build.0 = Release|Any CPU
		{689C5490-F4A6-4C61-97A8-2D9977275B1C}.Debug|Any CPU.ActiveCfg = Debug|Any CPU
		{689C5490-F4A6-4C61-97A8-2D9977275B1C}.Debug|Any CPU.Build.0 = Debug|Any CPU
		{689C5490-F4A6-4C61-97A8-2D9977275B1C}.Debug|x64.ActiveCfg = Debug|Any CPU
		{689C5490-F4A6-4C61-97A8-2D9977275B1C}.Debug|x64.Build.0 = Debug|Any CPU
		{689C5490-F4A6-4C61-97A8-2D9977275B1C}.Debug|x86.ActiveCfg = Debug|Any CPU
		{689C5490-F4A6-4C61-97A8-2D9977275B1C}.Debug|x86.Build.0 = Debug|Any CPU
		{689C5490-F4A6-4C61-97A8-2D9977275B1C}.Release|Any CPU.ActiveCfg = Release|Any CPU
		{689C5490-F4A6-4C61-97A8-2D9977275B1C}.Release|Any CPU.Build.0 = Release|Any CPU
		{689C5490-F4A6-4C61-97A8-2D9977275B1C}.Release|x64.ActiveCfg = Release|Any CPU
		{689C5490-F4A6-4C61-97A8-2D9977275B1C}.Release|x64.Build.0 = Release|Any CPU
		{689C5490-F4A6-4C61-97A8-2D9977275B1C}.Release|x86.ActiveCfg = Release|Any CPU
		{689C5490-F4A6-4C61-97A8-2D9977275B1C}.Release|x86.Build.0 = Release|Any CPU
	EndGlobalSection
	GlobalSection(SolutionProperties) = preSolution
		HideSolutionNode = FALSE
	EndGlobalSection
	GlobalSection(NestedProjects) = preSolution
		{689C5490-F4A6-4C61-97A8-2D9977275B1C} = {77B670AE-594D-4DA4-891D-59EE67F04DB3}
	EndGlobalSection
	GlobalSection(ExtensibilityGlobals) = postSolution
		SolutionGuid = {92781D65-C4E7-44F5-AC6A-8CD5526CA770}
	EndGlobalSection
EndGlobal
